// !$*UTF8*$!
{
	archiveVersion = 1;
	classes = {
	};
	objectVersion = 46;
	objects = {

/* Begin PBXBuildFile section */
		8A31A2521EA08853004E06C8 /* AppDelegate.swift in Sources */ = {isa = PBXBuildFile; fileRef = 8A31A2511EA08853004E06C8 /* AppDelegate.swift */; };
		8A31A2541EA08853004E06C8 /* ViewController.swift in Sources */ = {isa = PBXBuildFile; fileRef = 8A31A2531EA08853004E06C8 /* ViewController.swift */; };
		8A31A2571EA08853004E06C8 /* Main.storyboard in Resources */ = {isa = PBXBuildFile; fileRef = 8A31A2551EA08853004E06C8 /* Main.storyboard */; };
		8A31A2591EA08853004E06C8 /* Assets.xcassets in Resources */ = {isa = PBXBuildFile; fileRef = 8A31A2581EA08853004E06C8 /* Assets.xcassets */; };
		8A31A25C1EA08853004E06C8 /* LaunchScreen.storyboard in Resources */ = {isa = PBXBuildFile; fileRef = 8A31A25A1EA08853004E06C8 /* LaunchScreen.storyboard */; };
		8A31A2641EA08897004E06C8 /* PushButtonView.swift in Sources */ = {isa = PBXBuildFile; fileRef = 8A31A2631EA08897004E06C8 /* PushButtonView.swift */; };
		8A31A2661EA08BA7004E06C8 /* CounterView.swift in Sources */ = {isa = PBXBuildFile; fileRef = 8A31A2651EA08BA7004E06C8 /* CounterView.swift */; };
		8A31A2681EA46D3D004E06C8 /* GraphView.swift in Sources */ = {isa = PBXBuildFile; fileRef = 8A31A2671EA46D3D004E06C8 /* GraphView.swift */; };
/* End PBXBuildFile section */

/* Begin PBXFileReference section */
		8A31A24E1EA08853004E06C8 /* Flo.app */ = {isa = PBXFileReference; explicitFileType = wrapper.application; includeInIndex = 0; path = Flo.app; sourceTree = BUILT_PRODUCTS_DIR; };
		8A31A2511EA08853004E06C8 /* AppDelegate.swift */ = {isa = PBXFileReference; lastKnownFileType = sourcecode.swift; path = AppDelegate.swift; sourceTree = "<group>"; };
		8A31A2531EA08853004E06C8 /* ViewController.swift */ = {isa = PBXFileReference; lastKnownFileType = sourcecode.swift; path = ViewController.swift; sourceTree = "<group>"; };
		8A31A2561EA08853004E06C8 /* Base */ = {isa = PBXFileReference; lastKnownFileType = file.storyboard; name = Base; path = Base.lproj/Main.storyboard; sourceTree = "<group>"; };
		8A31A2581EA08853004E06C8 /* Assets.xcassets */ = {isa = PBXFileReference; lastKnownFileType = folder.assetcatalog; path = Assets.xcassets; sourceTree = "<group>"; };
		8A31A25B1EA08853004E06C8 /* Base */ = {isa = PBXFileReference; lastKnownFileType = file.storyboard; name = Base; path = Base.lproj/LaunchScreen.storyboard; sourceTree = "<group>"; };
		8A31A25D1EA08853004E06C8 /* Info.plist */ = {isa = PBXFileReference; lastKnownFileType = text.plist.xml; path = Info.plist; sourceTree = "<group>"; };
		8A31A2631EA08897004E06C8 /* PushButtonView.swift */ = {isa = PBXFileReference; fileEncoding = 4; lastKnownFileType = sourcecode.swift; path = PushButtonView.swift; sourceTree = "<group>"; };
		8A31A2651EA08BA7004E06C8 /* CounterView.swift */ = {isa = PBXFileReference; fileEncoding = 4; lastKnownFileType = sourcecode.swift; path = CounterView.swift; sourceTree = "<group>"; };
		8A31A2671EA46D3D004E06C8 /* GraphView.swift */ = {isa = PBXFileReference; fileEncoding = 4; lastKnownFileType = sourcecode.swift; path = GraphView.swift; sourceTree = "<group>"; };
/* End PBXFileReference section */

/* Begin PBXFrameworksBuildPhase section */
		8A31A24B1EA08853004E06C8 /* Frameworks */ = {
			isa = PBXFrameworksBuildPhase;
			buildActionMask = 2147483647;
			files = (
			);
			runOnlyForDeploymentPostprocessing = 0;
		};
/* End PBXFrameworksBuildPhase section */

/* Begin PBXGroup section */
		8A31A2451EA08853004E06C8 = {
			isa = PBXGroup;
			children = (
				8A31A2501EA08853004E06C8 /* Flo */,
				8A31A24F1EA08853004E06C8 /* Products */,
			);
			sourceTree = "<group>";
		};
		8A31A24F1EA08853004E06C8 /* Products */ = {
			isa = PBXGroup;
			children = (
				8A31A24E1EA08853004E06C8 /* Flo.app */,
			);
			name = Products;
			sourceTree = "<group>";
		};
		8A31A2501EA08853004E06C8 /* Flo */ = {
			isa = PBXGroup;
			children = (
				8A31A2511EA08853004E06C8 /* AppDelegate.swift */,
				8A31A2531EA08853004E06C8 /* ViewController.swift */,
				8A31A2551EA08853004E06C8 /* Main.storyboard */,
				8A31A2581EA08853004E06C8 /* Assets.xcassets */,
				8A31A25A1EA08853004E06C8 /* LaunchScreen.storyboard */,
				8A31A25D1EA08853004E06C8 /* Info.plist */,
				8A31A2631EA08897004E06C8 /* PushButtonView.swift */,
				8A31A2651EA08BA7004E06C8 /* CounterView.swift */,
				8A31A2671EA46D3D004E06C8 /* GraphView.swift */,
			);
			path = Flo;
			sourceTree = "<group>";
		};
/* End PBXGroup section */

/* Begin PBXNativeTarget section */
		8A31A24D1EA08853004E06C8 /* Flo */ = {
			isa = PBXNativeTarget;
			buildConfigurationList = 8A31A2601EA08853004E06C8 /* Build configuration list for PBXNativeTarget "Flo" */;
			buildPhases = (
				8A31A24A1EA08853004E06C8 /* Sources */,
				8A31A24B1EA08853004E06C8 /* Frameworks */,
				8A31A24C1EA08853004E06C8 /* Resources */,
			);
			buildRules = (
			);
			dependencies = (
			);
			name = Flo;
			productName = Flo;
			productReference = 8A31A24E1EA08853004E06C8 /* Flo.app */;
			productType = "com.apple.product-type.application";
		};
/* End PBXNativeTarget section */

/* Begin PBXProject section */
		8A31A2461EA08853004E06C8 /* Project object */ = {
			isa = PBXProject;
			attributes = {
				LastSwiftUpdateCheck = 0820;
				LastUpgradeCheck = 0820;
				ORGANIZATIONNAME = CPU11808;
				TargetAttributes = {
					8A31A24D1EA08853004E06C8 = {
						CreatedOnToolsVersion = 8.2.1;
						ProvisioningStyle = Automatic;
					};
				};
			};
			buildConfigurationList = 8A31A2491EA08853004E06C8 /* Build configuration list for PBXProject "Flo" */;
			compatibilityVersion = "Xcode 3.2";
			developmentRegion = English;
			hasScannedForEncodings = 0;
			knownRegions = (
				en,
				Base,
			);
			mainGroup = 8A31A2451EA08853004E06C8;
			productRefGroup = 8A31A24F1EA08853004E06C8 /* Products */;
			projectDirPath = "";
			projectRoot = "";
			targets = (
				8A31A24D1EA08853004E06C8 /* Flo */,
			);
		};
/* End PBXProject section */

/* Begin PBXResourcesBuildPhase section */
		8A31A24C1EA08853004E06C8 /* Resources */ = {
			isa = PBXResourcesBuildPhase;
			buildActionMask = 2147483647;
			files = (
				8A31A25C1EA08853004E06C8 /* LaunchScreen.storyboard in Resources */,
				8A31A2591EA08853004E06C8 /* Assets.xcassets in Resources */,
				8A31A2571EA08853004E06C8 /* Main.storyboard in Resources */,
			);
			runOnlyForDeploymentPostprocessing = 0;
		};
/* End PBXResourcesBuildPhase section */

/* Begin PBXSourcesBuildPhase section */
		8A31A24A1EA08853004E06C8 /* Sources */ = {
			isa = PBXSourcesBuildPhase;
			buildActionMask = 2147483647;
			files = (
				8A31A2681EA46D3D004E06C8 /* GraphView.swift in Sources */,
				8A31A2541EA08853004E06C8 /* ViewController.swift in Sources */,
				8A31A2641EA08897004E06C8 /* PushButtonView.swift in Sources */,
				8A31A2521EA08853004E06C8 /* AppDelegate.swift in Sources */,
				8A31A2661EA08BA7004E06C8 /* CounterView.swift in Sources */,
			);
			runOnlyForDeploymentPostprocessing = 0;
		};
/* End PBXSourcesBuildPhase section */

/* Begin PBXVariantGroup section */
		8A31A2551EA08853004E06C8 /* Main.storyboard */ = {
			isa = PBXVariantGroup;
			children = (
				8A31A2561EA08853004E06C8 /* Base */,
			);
			name = Main.storyboard;
			sourceTree = "<group>";
		};
		8A31A25A1EA08853004E06C8 /* LaunchScreen.storyboard */ = {
			isa = PBXVariantGroup;
			children = (
				8A31A25B1EA08853004E06C8 /* Base */,
			);
			name = LaunchScreen.storyboard;
			sourceTree = "<group>";
		};
/* End PBXVariantGroup section */

/* Begin XCBuildConfiguration section */
		8A31A25E1EA08853004E06C8 /* Debug */ = {
			isa = XCBuildConfiguration;
			buildSettings = {
				ALWAYS_SEARCH_USER_PATHS = NO;
				CLANG_ANALYZER_NONNULL = YES;
				CLANG_CXX_LANGUAGE_STANDARD = "gnu++0x";
				CLANG_CXX_LIBRARY = "libc++";
				CLANG_ENABLE_MODULES = YES;
				CLANG_ENABLE_OBJC_ARC = YES;
				CLANG_WARN_BOOL_CONVERSION = YES;
				CLANG_WARN_CONSTANT_CONVERSION = YES;
				CLANG_WARN_DIRECT_OBJC_ISA_USAGE = YES_ERROR;
				CLANG_WARN_DOCUMENTATION_COMMENTS = YES;
				CLANG_WARN_EMPTY_BODY = YES;
				CLANG_WARN_ENUM_CONVERSION = YES;
				CLANG_WARN_INFINITE_RECURSION = YES;
				CLANG_WARN_INT_CONVERSION = YES;
				CLANG_WARN_OBJC_ROOT_CLASS = YES_ERROR;
				CLANG_WARN_SUSPICIOUS_MOVE = YES;
				CLANG_WARN_UNREACHABLE_CODE = YES;
				CLANG_WARN__DUPLICATE_METHOD_MATCH = YES;
				"CODE_SIGN_IDENTITY[sdk=iphoneos*]" = "iPhone Developer";
				COPY_PHASE_STRIP = NO;
				DEBUG_INFORMATION_FORMAT = dwarf;
				ENABLE_STRICT_OBJC_MSGSEND = YES;
				ENABLE_TESTABILITY = YES;
				GCC_C_LANGUAGE_STANDARD = gnu99;
				GCC_DYNAMIC_NO_PIC = NO;
				GCC_NO_COMMON_BLOCKS = YES;
				GCC_OPTIMIZATION_LEVEL = 0;
				GCC_PREPROCESSOR_DEFINITIONS = (
					"DEBUG=1",
					"$(inherited)",
				);
				GCC_WARN_64_TO_32_BIT_CONVERSION = YES;
				GCC_WARN_ABOUT_RETURN_TYPE = YES_ERROR;
				GCC_WARN_UNDECLARED_SELECTOR = YES;
				GCC_WARN_UNINITIALIZED_AUTOS = YES_AGGRESSIVE;
				GCC_WARN_UNUSED_FUNCTION = YES;
				GCC_WARN_UNUSED_VARIABLE = YES;
				IPHONEOS_DEPLOYMENT_TARGET = 10.2;
				MTL_ENABLE_DEBUG_INFO = YES;
				ONLY_ACTIVE_ARCH = YES;
				SDKROOT = iphoneos;
				SWIFT_ACTIVE_COMPILATION_CONDITIONS = DEBUG;
				SWIFT_OPTIMIZATION_LEVEL = "-Onone";
			};
			name = Debug;
		};
		8A31A25F1EA08853004E06C8 /* Release */ = {
			isa = XCBuildConfiguration;
			buildSettings = {
				ALWAYS_SEARCH_USER_PATHS = NO;
				CLANG_ANALYZER_NONNULL = YES;
				CLANG_CXX_LANGUAGE_STANDARD = "gnu++0x";
				CLANG_CXX_LIBRARY = "libc++";
				CLANG_ENABLE_MODULES = YES;
				CLANG_ENABLE_OBJC_ARC = YES;
				CLANG_WARN_BOOL_CONVERSION = YES;
				CLANG_WARN_CONSTANT_CONVERSION = YES;
				CLANG_WARN_DIRECT_OBJC_ISA_USAGE = YES_ERROR;
				CLANG_WARN_DOCUMENTATION_COMMENTS = YES;
				CLANG_WARN_EMPTY_BODY = YES;
				CLANG_WARN_ENUM_CONVERSION = YES;
				CLANG_WARN_INFINITE_RECURSION = YES;
				CLANG_WARN_INT_CONVERSION = YES;
				CLANG_WARN_OBJC_ROOT_CLASS = YES_ERROR;
				CLANG_WARN_SUSPICIOUS_MOVE = YES;
				CLANG_WARN_UNREACHABLE_CODE = YES;
				CLANG_WARN__DUPLICATE_METHOD_MATCH = YES;
				"CODE_SIGN_IDENTITY[sdk=iphoneos*]" = "iPhone Developer";
				COPY_PHASE_STRIP = NO;
				DEBUG_INFORMATION_FORMAT = "dwarf-with-dsym";
				ENABLE_NS_ASSERTIONS = NO;
				ENABLE_STRICT_OBJC_MSGSEND = YES;
				GCC_C_LANGUAGE_STANDARD = gnu99;
				GCC_NO_COMMON_BLOCKS = YES;
				GCC_WARN_64_TO_32_BIT_CONVERSION = YES;
				GCC_WARN_ABOUT_RETURN_TYPE = YES_ERROR;
				GCC_WARN_UNDECLARED_SELECTOR = YES;
				GCC_WARN_UNINITIALIZED_AUTOS = YES_AGGRESSIVE;
				GCC_WARN_UNUSED_FUNCTION = YES;
				GCC_WARN_UNUSED_VARIABLE = YES;
				IPHONEOS_DEPLOYMENT_TARGET = 10.2;
				MTL_ENABLE_DEBUG_INFO = NO;
				SDKROOT = iphoneos;
				SWIFT_OPTIMIZATION_LEVEL = "-Owholemodule";
				VALIDATE_PRODUCT = YES;
			};
			name = Release;
		};
		8A31A2611EA08853004E06C8 /* Debug */ = {
			isa = XCBuildConfiguration;
			buildSettings = {
				ASSETCATALOG_COMPILER_APPICON_NAME = AppIcon;
				INFOPLIST_FILE = Flo/Info.plist;
				LD_RUNPATH_SEARCH_PATHS = "$(inherited) @executable_path/Frameworks";
				PRODUCT_BUNDLE_IDENTIFIER = com.vng.phongtt6.Flo;
				PRODUCT_NAME = "$(TARGET_NAME)";
				SWIFT_VERSION = 3.0;
			};
			name = Debug;
		};
		8A31A2621EA08853004E06C8 /* Release */ = {
			isa = XCBuildConfiguration;
			buildSettings = {
				ASSETCATALOG_COMPILER_APPICON_NAME = AppIcon;
				INFOPLIST_FILE = Flo/Info.plist;
				LD_RUNPATH_SEARCH_PATHS = "$(inherited) @executable_path/Frameworks";
				PRODUCT_BUNDLE_IDENTIFIER = com.vng.phongtt6.Flo;
				PRODUCT_NAME = "$(TARGET_NAME)";
				SWIFT_VERSION = 3.0;
			};
			name = Release;
		};
/* End XCBuildConfiguration section */

/* Begin XCConfigurationList section */
		8A31A2491EA08853004E06C8 /* Build configuration list for PBXProject "Flo" */ = {
			isa = XCConfigurationList;
			buildConfigurations = (
				8A31A25E1EA08853004E06C8 /* Debug */,
				8A31A25F1EA08853004E06C8 /* Release */,
			);
			defaultConfigurationIsVisible = 0;
			defaultConfigurationName = Release;
		};
		8A31A2601EA08853004E06C8 /* Build configuration list for PBXNativeTarget "Flo" */ = {
			isa = XCConfigurationList;
			buildConfigurations = (
				8A31A2611EA08853004E06C8 /* Debug */,
				8A31A2621EA08853004E06C8 /* Release */,
			);
			defaultConfigurationIsVisible = 0;
		};
/* End XCConfigurationList section */
	};
	rootObject = 8A31A2461EA08853004E06C8 /* Project object */;
}
